<?xml version="1.0" encoding="utf-8"?>
<Project ToolsVersion="4.0" xmlns="http://schemas.microsoft.com/developer/msbuild/2003">
  <ItemGroup>
    <Filter Include="Source Files">
      <UniqueIdentifier>{4FC737F1-C7A5-4376-A066-2A32D752A2FF}</UniqueIdentifier>
      <Extensions>cpp;c;cc;cxx;def;odl;idl;hpj;bat;asm;asmx</Extensions>
    </Filter>
    <Filter Include="Header Files">
      <UniqueIdentifier>{93995380-89BD-4b04-88EB-625FBE52EBFB}</UniqueIdentifier>
      <Extensions>h;hh;hpp;hxx;hm;inl;inc;xsd</Extensions>
    </Filter>
    <Filter Include="Resource Files">
      <UniqueIdentifier>{67DA6AB6-F800-4c08-8B7A-83BB121AAD01}</UniqueIdentifier>
      <Extensions>rc;ico;cur;bmp;dlg;rc2;rct;bin;rgs;gif;jpg;jpeg;jpe;resx;tiff;tif;png;wav;mfcribbon-ms</Extensions>
    </Filter>
    <Filter Include="Shaders">
      <UniqueIdentifier>{5f37ec8c-c624-4f3d-8d2e-1571a1df475b}</UniqueIdentifier>
    </Filter>
    <Filter Include="Header Files\Core">
      <UniqueIdentifier>{a36faee3-e082-48d3-be83-fe2b979e0b92}</UniqueIdentifier>
    </Filter>
    <Filter Include="Header Files\Graphics">
      <UniqueIdentifier>{e8632bd2-ec62-430f-98e4-5ec9e7ad561d}</UniqueIdentifier>
    </Filter>
    <Filter Include="Header Files\Components">
      <UniqueIdentifier>{742a30c4-6094-4660-8340-4d2c731f807c}</UniqueIdentifier>
    </Filter>
    <Filter Include="Header Files\Engine">
      <UniqueIdentifier>{b709fcac-abd2-4364-81cd-6e2a6dc23eb7}</UniqueIdentifier>
    </Filter>
    <Filter Include="Header Files\Engine\Scenes">
      <UniqueIdentifier>{b832227b-5457-4e06-92cd-8bfe9620ad83}</UniqueIdentifier>
    </Filter>
    <Filter Include="Header Files\Engine\Objects">
      <UniqueIdentifier>{7cdc3629-295f-4099-91d9-20d820d919b2}</UniqueIdentifier>
    </Filter>
    <Filter Include="Shaders\Deffered">
      <UniqueIdentifier>{7a12e9cf-8023-4d2c-b66f-939f13aacea1}</UniqueIdentifier>
    </Filter>
    <Filter Include="Shaders\ParticleSystem">
      <UniqueIdentifier>{7dd83e01-0229-4dd7-8d80-3c87934061bc}</UniqueIdentifier>
    </Filter>
    <Filter Include="Shaders\General">
      <UniqueIdentifier>{23bb64f7-2abb-4588-9c39-a70f847a3ae0}</UniqueIdentifier>
    </Filter>
    <Filter Include="Shaders\PostProcessing">
      <UniqueIdentifier>{729492c2-4edd-4353-8394-5eaa7e18d727}</UniqueIdentifier>
    </Filter>
    <Filter Include="Shaders\Deffered\Math">
      <UniqueIdentifier>{151fffa3-ff12-415f-8253-f94969455d06}</UniqueIdentifier>
    </Filter>
    <Filter Include="Shaders\SVO">
      <UniqueIdentifier>{fd744094-bf5c-4d09-af57-7fdfae7041c9}</UniqueIdentifier>
    </Filter>
  </ItemGroup>
  <ItemGroup>
    <ClCompile Include="Main.cpp">
      <Filter>Source Files</Filter>
    </ClCompile>
    <ClCompile Include="DXCore.cpp">
      <Filter>Source Files</Filter>
    </ClCompile>
    <ClCompile Include="Game.cpp">
      <Filter>Source Files</Filter>
    </ClCompile>
    <ClCompile Include="SimpleShader.cpp">
      <Filter>Source Files</Filter>
    </ClCompile>
    <ClCompile Include="Camera.cpp">
      <Filter>Source Files</Filter>
    </ClCompile>
    <ClCompile Include="GameEntity.cpp">
      <Filter>Source Files</Filter>
    </ClCompile>
    <ClCompile Include="Material.cpp">
      <Filter>Source Files</Filter>
    </ClCompile>
    <ClCompile Include="Mesh.cpp">
      <Filter>Source Files</Filter>
    </ClCompile>
    <ClCompile Include="GameManager.cpp">
      <Filter>Source Files</Filter>
    </ClCompile>
    <ClCompile Include="GameObject.cpp">
      <Filter>Source Files</Filter>
    </ClCompile>
    <ClCompile Include="KinematicsComponent.cpp">
      <Filter>Source Files</Filter>
    </ClCompile>
    <ClCompile Include="Ball.cpp">
      <Filter>Source Files</Filter>
    </ClCompile>
    <ClCompile Include="Renderer.cpp">
      <Filter>Source Files</Filter>
    </ClCompile>
    <ClCompile Include="DefferedRenderer.cpp">
      <Filter>Source Files</Filter>
    </ClCompile>
    <ClCompile Include="Lights.cpp">
      <Filter>Source Files</Filter>
    </ClCompile>
    <ClCompile Include="ParticleEmitter.cpp">
      <Filter>Source Files</Filter>
    </ClCompile>
    <ClCompile Include="Panel.cpp">
      <Filter>Source Files</Filter>
    </ClCompile>
    <ClCompile Include="Start.cpp">
      <Filter>Source Files</Filter>
    </ClCompile>
    <ClCompile Include="Win.cpp">
      <Filter>Source Files</Filter>
    </ClCompile>
    <ClCompile Include="PostProcesser.cpp">
      <Filter>Source Files</Filter>
    </ClCompile>
    <ClCompile Include="PBRDemoScene.cpp">
      <Filter>Source Files</Filter>
    </ClCompile>
    <ClCompile Include="SparseVoxelOctree.cpp">
      <Filter>Source Files</Filter>
    </ClCompile>
  </ItemGroup>
  <ItemGroup>
    <ClInclude Include="DXMathImpl.h">
      <Filter>Shaders\Deffered\Math</Filter>
    </ClInclude>
    <ClInclude Include="GameMath.h">
      <Filter>Shaders\Deffered\Math</Filter>
    </ClInclude>
    <ClInclude Include="Game.h">
      <Filter>Header Files\Core</Filter>
    </ClInclude>
    <ClInclude Include="DXCore.h">
      <Filter>Header Files\Core</Filter>
    </ClInclude>
    <ClInclude Include="tiny_obj_loader.h">
      <Filter>Header Files\Core</Filter>
    </ClInclude>
    <ClInclude Include="SimpleShader.h">
      <Filter>Header Files\Core</Filter>
    </ClInclude>
    <ClInclude Include="Vertex.h">
      <Filter>Header Files\Graphics</Filter>
    </ClInclude>
    <ClInclude Include="Renderer.h">
      <Filter>Header Files\Graphics</Filter>
    </ClInclude>
    <ClInclude Include="Lights.h">
      <Filter>Header Files\Graphics</Filter>
    </ClInclude>
    <ClInclude Include="Material.h">
      <Filter>Header Files\Graphics</Filter>
    </ClInclude>
    <ClInclude Include="GameEntity.h">
      <Filter>Header Files\Graphics</Filter>
    </ClInclude>
    <ClInclude Include="KinematicsComponent.h">
      <Filter>Header Files\Components</Filter>
    </ClInclude>
    <ClInclude Include="GameManager.h">
      <Filter>Header Files\Engine</Filter>
    </ClInclude>
    <ClInclude Include="GameObject.h">
      <Filter>Header Files\Engine</Filter>
    </ClInclude>
    <ClInclude Include="Scene.h">
      <Filter>Header Files\Engine</Filter>
    </ClInclude>
    <ClInclude Include="Camera.h">
      <Filter>Header Files\Core</Filter>
    </ClInclude>
    <ClInclude Include="Mesh.h">
      <Filter>Header Files\Graphics</Filter>
    </ClInclude>
    <ClInclude Include="DefferedRenderer.h">
      <Filter>Header Files\Graphics</Filter>
    </ClInclude>
    <ClInclude Include="ParticleEmitter.h">
      <Filter>Header Files\Graphics</Filter>
    </ClInclude>
    <ClInclude Include="Panel.h">
      <Filter>Header Files\Engine\Objects</Filter>
    </ClInclude>
    <ClInclude Include="Ball.h">
      <Filter>Header Files\Engine\Objects</Filter>
    </ClInclude>
    <ClInclude Include="Start.h">
      <Filter>Header Files\Engine\Scenes</Filter>
    </ClInclude>
    <ClInclude Include="Win.h">
      <Filter>Header Files\Engine\Scenes</Filter>
    </ClInclude>
    <ClInclude Include="PostProcesser.h">
      <Filter>Header Files\Graphics</Filter>
    </ClInclude>
    <ClInclude Include="PBRDemoScene.h">
      <Filter>Header Files\Engine\Scenes</Filter>
    </ClInclude>
    <ClInclude Include="SparseVoxelOctree.h">
      <Filter>Header Files</Filter>
    </ClInclude>
  </ItemGroup>
  <ItemGroup>
    <FxCompile Include="gBufferVertexShader.hlsl">
      <Filter>Shaders\Deffered</Filter>
    </FxCompile>
    <FxCompile Include="gBufferPixelShader.hlsl">
      <Filter>Shaders\Deffered</Filter>
    </FxCompile>
    <FxCompile Include="sphereLightPixelShader.hlsl">
      <Filter>Shaders\Deffered</Filter>
    </FxCompile>
    <FxCompile Include="ParticleGS.hlsl">
      <Filter>Shaders\ParticleSystem</Filter>
    </FxCompile>
    <FxCompile Include="ParticlePS.hlsl">
      <Filter>Shaders\ParticleSystem</Filter>
    </FxCompile>
    <FxCompile Include="ParticleVS.hlsl">
      <Filter>Shaders\ParticleSystem</Filter>
    </FxCompile>
    <FxCompile Include="SpawnGS.hlsl">
      <Filter>Shaders\ParticleSystem</Filter>
    </FxCompile>
    <FxCompile Include="SpawnVS.hlsl">
      <Filter>Shaders\ParticleSystem</Filter>
    </FxCompile>
    <FxCompile Include="PixelShader.hlsl">
      <Filter>Shaders\General</Filter>
    </FxCompile>
    <FxCompile Include="ShadowVertex.hlsl">
      <Filter>Shaders\General</Filter>
    </FxCompile>
    <FxCompile Include="SkyPixel.hlsl">
      <Filter>Shaders\General</Filter>
    </FxCompile>
    <FxCompile Include="SkyVertex.hlsl">
      <Filter>Shaders\General</Filter>
    </FxCompile>
    <FxCompile Include="VertexShader.hlsl">
      <Filter>Shaders\General</Filter>
    </FxCompile>
    <FxCompile Include="BlurPostProcessPS.hlsl">
      <Filter>Shaders\PostProcessing</Filter>
    </FxCompile>
    <FxCompile Include="BlurPostProcessVS.hlsl">
      <Filter>Shaders\PostProcessing</Filter>
    </FxCompile>
    <FxCompile Include="PostProcessDefaultVS.hlsl">
      <Filter>Shaders\PostProcessing</Filter>
    </FxCompile>
    <FxCompile Include="KernelPS.hlsl">
      <Filter>Shaders\PostProcessing</Filter>
    </FxCompile>
    <FxCompile Include="BloomExtractPS.hlsl">
      <Filter>Shaders\PostProcessing</Filter>
    </FxCompile>
    <FxCompile Include="LinearBlurPS.hlsl">
      <Filter>Shaders\PostProcessing</Filter>
    </FxCompile>
    <FxCompile Include="BloomCombinePS.hlsl">
      <Filter>Shaders\PostProcessing</Filter>
    </FxCompile>
    <FxCompile Include="AsciiPS.hlsl">
      <Filter>Shaders\PostProcessing</Filter>
    </FxCompile>
    <FxCompile Include="SSAOPS.hlsl">
      <Filter>Shaders\PostProcessing</Filter>
    </FxCompile>
    <FxCompile Include="sphereLightVertexShader.hlsl">
      <Filter>Shaders\Deffered</Filter>
    </FxCompile>
    <FxCompile Include="PBRquad_PS.hlsl">
      <Filter>Shaders\Deffered</Filter>
    </FxCompile>
    <FxCompile Include="PBRquad_VS.hlsl">
      <Filter>Shaders\Deffered</Filter>
    </FxCompile>
    <FxCompile Include="PassThrough_PS.hlsl">
      <Filter>Shaders\PostProcessing</Filter>
    </FxCompile>
    <FxCompile Include="voxelList_GS.hlsl">
      <Filter>Shaders\SVO</Filter>
    </FxCompile>
    <FxCompile Include="voxelList_VS.hlsl">
      <Filter>Shaders\SVO</Filter>
    </FxCompile>
    <FxCompile Include="voxelList_PS.hlsl">
      <Filter>Shaders\SVO</Filter>
    </FxCompile>
    <FxCompile Include="constructSVO.hlsl">
      <Filter>Shaders\SVO</Filter>
    </FxCompile>
    <FxCompile Include="mipMapSVO.hlsl">
      <Filter>Shaders\SVO</Filter>
    </FxCompile>
    <FxCompile Include="voxelRayTracing_PS.hlsl">
      <Filter>Shaders\SVO</Filter>
    </FxCompile>
    <FxCompile Include="storeSVO.hlsl">
      <Filter>Shaders\SVO</Filter>
    </FxCompile>
  </ItemGroup>
  <ItemGroup>
    <None Include="packages.config" />
  </ItemGroup>
</Project>